
Microsoft Visual Studio Solution File, Format Version 12.00
# Visual Studio Version 17
VisualStudioVersion = 17.6.33829.357
MinimumVisualStudioVersion = 10.0.40219.1
Project("{9A19103F-16F7-4668-BE54-9A1E7A4F7556}") = "Task1", "WinFormsApp1\Task1.csproj", "{DF49EA7B-EFF3-4DE9-AD85-284E1B672385}"
EndProject
Project("{9A19103F-16F7-4668-BE54-9A1E7A4F7556}") = "Task2", "Task2\Task2.csproj", "{C75BAC46-9728-4C89-912A-04BA01D708FC}"
EndProject
Project("{FAE04EC0-301F-11D3-BF4B-00C04F79EFBC}") = "Task3", "Task3\Task3.csproj", "{CAFA65A0-ED62-4B5D-8452-F0BC9F7AA660}"
EndProject
Global
	GlobalSection(SolutionConfigurationPlatforms) = preSolution
		Debug|Any CPU = Debug|Any CPU
		Release|Any CPU = Release|Any CPU
	EndGlobalSection
	GlobalSection(ProjectConfigurationPlatforms) = postSolution
		{DF49EA7B-EFF3-4DE9-AD85-284E1B672385}.Debug|Any CPU.ActiveCfg = Debug|Any CPU
		{DF49EA7B-EFF3-4DE9-AD85-284E1B672385}.Debug|Any CPU.Build.0 = Debug|Any CPU
		{DF49EA7B-EFF3-4DE9-AD85-284E1B672385}.Release|Any CPU.ActiveCfg = Release|Any CPU
		{DF49EA7B-EFF3-4DE9-AD85-284E1B672385}.Release|Any CPU.Build.0 = Release|Any CPU
		{C75BAC46-9728-4C89-912A-04BA01D708FC}.Debug|Any CPU.ActiveCfg = Debug|Any CPU
		{C75BAC46-9728-4C89-912A-04BA01D708FC}.Debug|Any CPU.Build.0 = Debug|Any CPU
		{C75BAC46-9728-4C89-912A-04BA01D708FC}.Release|Any CPU.ActiveCfg = Release|Any CPU
		{C75BAC46-9728-4C89-912A-04BA01D708FC}.Release|Any CPU.Build.0 = Release|Any CPU
		{CAFA65A0-ED62-4B5D-8452-F0BC9F7AA660}.Debug|Any CPU.ActiveCfg = Debug|Any CPU
		{CAFA65A0-ED62-4B5D-8452-F0BC9F7AA660}.Debug|Any CPU.Build.0 = Debug|Any CPU
		{CAFA65A0-ED62-4B5D-8452-F0BC9F7AA660}.Release|Any CPU.ActiveCfg = Release|Any CPU
		{CAFA65A0-ED62-4B5D-8452-F0BC9F7AA660}.Release|Any CPU.Build.0 = Release|Any CPU
	EndGlobalSection
	GlobalSection(SolutionProperties) = preSolution
		HideSolutionNode = FALSE
	EndGlobalSection
	GlobalSection(ExtensibilityGlobals) = postSolution
		SolutionGuid = {95B162C1-4105-4A22-B1B6-760B1A928A53}
	EndGlobalSection
EndGlobal
